{
  "meteor": {},
  "dependencies": {
    "basePackages": {
      "iron-router": {},
      "bootboxjs": {},
      "pnotify": {},
      "jquery.transit": {}
    },
    "packages": {
      "iron-router": {
        "git": "https://github.com/EventedMind/iron-router.git",
        "tag": "v0.6.1",
        "commit": "4e1ee0581d68bff422a915dacb0bd30eae10fe08"
      },
      "bootboxjs": {
        "git": "https://github.com/TimHeckel/meteor-bootboxjs.git",
        "tag": "v3.2.2",
        "commit": "580adfebfa12b4d2186a80cec1109dab74ad6228"
      },
      "pnotify": {
        "git": "https://github.com/kidovate/meteor-pnotify.git",
        "tag": "v0.1.0",
        "commit": "1799e7a19759f8f5e8f2debd240024ee36f42fbc"
      },
      "jquery.transit": {
        "git": "https://github.com/noorderstorm/meteor-jquery-transit.git",
        "tag": "v0.1.0",
        "commit": "d3b8a4149ab40b14b125edd473c3850177895fb5"
      }
    }
  }
}
